
Microsoft Visual Studio Solution File, Format Version 12.00
# Visual Studio Version 17
VisualStudioVersion = 17.11.35327.3
MinimumVisualStudioVersion = 10.0.40219.1
Project("{FAE04EC0-301F-11D3-BF4B-00C04F79EFBC}") = "ExercicioDivisão", "ExercicioDivisão\ExercicioDivisão.csproj", "{E44B6B72-EA73-44C0-BE91-F1E172D15CBB}"
EndProject
Global
	GlobalSection(SolutionConfigurationPlatforms) = preSolution
		Debug|Any CPU = Debug|Any CPU
		Release|Any CPU = Release|Any CPU
	EndGlobalSection
	GlobalSection(ProjectConfigurationPlatforms) = postSolution
		{E44B6B72-EA73-44C0-BE91-F1E172D15CBB}.Debug|Any CPU.ActiveCfg = Debug|Any CPU
		{E44B6B72-EA73-44C0-BE91-F1E172D15CBB}.Debug|Any CPU.Build.0 = Debug|Any CPU
		{E44B6B72-EA73-44C0-BE91-F1E172D15CBB}.Release|Any CPU.ActiveCfg = Release|Any CPU
		{E44B6B72-EA73-44C0-BE91-F1E172D15CBB}.Release|Any CPU.Build.0 = Release|Any CPU
	EndGlobalSection
	GlobalSection(SolutionProperties) = preSolution
		HideSolutionNode = FALSE
	EndGlobalSection
	GlobalSection(ExtensibilityGlobals) = postSolution
		SolutionGuid = {22837A90-C755-48F4-AAFD-822FA9484F36}
	EndGlobalSection
EndGlobal
